PODS:
  - GKNavigationBar (1.6.1):
    - GKNavigationBar/GestureHandle (= 1.6.1)
    - GKNavigationBar/NavigationBar (= 1.6.1)
  - GKNavigationBar/GestureHandle (1.6.1)
  - GKNavigationBar/NavigationBar (1.6.1)
  - LYEmptyView (1.3.1)
  - Masonry (1.1.0)
  - MBProgressHUD (1.2.0)
  - MJRefresh (3.7.3)
  - RootNleAssembly (0.3.2):
    - RootNleAssembly/Alert (= 0.3.2)
    - RootNleAssembly/BaseVC (= 0.3.2)
    - RootNleAssembly/Category (= 0.3.2)
    - RootNleAssembly/Loading (= 0.3.2)
    - RootNleAssembly/Macro (= 0.3.2)
    - RootNleAssembly/ShareView (= 0.3.2)
    - RootNleAssembly/ZZJsonToModel (= 0.3.2)
  - RootNleAssembly/Alert (0.3.2):
    - Masonry
    - RootNleAssembly/Category
    - RootNleAssembly/Macro
  - RootNleAssembly/BaseVC (0.3.2):
    - GKNavigationBar
    - LYEmptyView
    - Masonry
    - MJRefresh
    - RootNleAssembly/Alert
    - RootNleAssembly/Category
    - RootNleAssembly/Loading
    - RootNleAssembly/Macro
  - RootNleAssembly/Category (0.3.2):
    - Masonry
    - MJRefresh
    - RootNleAssembly/Macro
    - YYKit
  - RootNleAssembly/Loading (0.3.2):
    - Masonry
    - MBProgressHUD
    - RootNleAssembly/Category
    - YYKit
  - RootNleAssembly/Macro (0.3.2)
  - RootNleAssembly/ShareView (0.3.2):
    - Masonry
    - RootNleAssembly/Category
    - RootNleAssembly/Macro
    - Toast
    - WechatOpenSDK
    - YYKit
  - RootNleAssembly/ZZJsonToModel (0.3.2)
  - Toast (4.0.0)
  - WechatOpenSDK (1.8.7.1)
  - YYKit (1.0.9):
    - YYKit/no-arc (= 1.0.9)
  - YYKit/no-arc (1.0.9)

DEPENDENCIES:
  - RootNleAssembly (from `../`)

SPEC REPOS:
  trunk:
    - GKNavigationBar
    - LYEmptyView
    - Masonry
    - MBProgressHUD
    - MJRefresh
    - Toast
    - WechatOpenSDK
    - YYKit

EXTERNAL SOURCES:
  RootNleAssembly:
    :path: "../"

SPEC CHECKSUMS:
  GKNavigationBar: 4b63ee7d9337d3c1b5057fa324730a083c828fda
  LYEmptyView: b6d418cfa38b78df0cf243f9a9c25ccbdc399922
  Masonry: 678fab65091a9290e40e2832a55e7ab731aad201
  MBProgressHUD: 3ee5efcc380f6a79a7cc9b363dd669c5e1ae7406
  MJRefresh: ec9c53ff4abf3a9237b4283862f1bd51c2ee3fdb
  RootNleAssembly: 189cdf46685302e73e5456102d948defdc49917b
  Toast: 91b396c56ee72a5790816f40d3a94dd357abc196
  WechatOpenSDK: 6a4d1436c15b3b5fe2a0bd383f3046010186da44
  YYKit: 7cda43304a8dc3696c449041e2cb3107b4e236e7

PODFILE CHECKSUM: 01f3612df7d16e75d275086e17f60cd60fb7c55b

COCOAPODS: 1.11.2
